
Microsoft Visual Studio Solution File, Format Version 12.00
# Visual Studio Version 16
VisualStudioVersion = 16.0.28803.156
MinimumVisualStudioVersion = 10.0.40219.1
Project("{9A19103F-16F7-4668-BE54-9A1E7A4F7556}") = "Agero.Core.ApiResponse", "Agero.Core.ApiResponse\Agero.Core.ApiResponse.csproj", "{5F0FD491-AC70-4012-908A-D0215FA39EAC}"
EndProject
Project("{FAE04EC0-301F-11D3-BF4B-00C04F79EFBC}") = "Agero.Core.ApiResponse.Web", "Agero.Core.ApiResponse.Web\Agero.Core.ApiResponse.Web.csproj", "{50554E86-F86A-4BAF-A24E-AD8851161E5C}"
EndProject
Project("{9A19103F-16F7-4668-BE54-9A1E7A4F7556}") = "Agero.Core.ApiResponse.Web.Core", "Agero.Core.ApiResponse.Web.Core\Agero.Core.ApiResponse.Web.Core.csproj", "{7848F045-BB4E-4E31-83A9-313AA4A6B96E}"
EndProject
Global
	GlobalSection(SolutionConfigurationPlatforms) = preSolution
		Debug|Any CPU = Debug|Any CPU
		Release|Any CPU = Release|Any CPU
	EndGlobalSection
	GlobalSection(ProjectConfigurationPlatforms) = postSolution
		{5F0FD491-AC70-4012-908A-D0215FA39EAC}.Debug|Any CPU.ActiveCfg = Debug|Any CPU
		{5F0FD491-AC70-4012-908A-D0215FA39EAC}.Debug|Any CPU.Build.0 = Debug|Any CPU
		{5F0FD491-AC70-4012-908A-D0215FA39EAC}.Release|Any CPU.ActiveCfg = Release|Any CPU
		{5F0FD491-AC70-4012-908A-D0215FA39EAC}.Release|Any CPU.Build.0 = Release|Any CPU
		{50554E86-F86A-4BAF-A24E-AD8851161E5C}.Debug|Any CPU.ActiveCfg = Debug|Any CPU
		{50554E86-F86A-4BAF-A24E-AD8851161E5C}.Debug|Any CPU.Build.0 = Debug|Any CPU
		{50554E86-F86A-4BAF-A24E-AD8851161E5C}.Release|Any CPU.ActiveCfg = Release|Any CPU
		{50554E86-F86A-4BAF-A24E-AD8851161E5C}.Release|Any CPU.Build.0 = Release|Any CPU
		{7848F045-BB4E-4E31-83A9-313AA4A6B96E}.Debug|Any CPU.ActiveCfg = Debug|Any CPU
		{7848F045-BB4E-4E31-83A9-313AA4A6B96E}.Debug|Any CPU.Build.0 = Debug|Any CPU
		{7848F045-BB4E-4E31-83A9-313AA4A6B96E}.Release|Any CPU.ActiveCfg = Release|Any CPU
		{7848F045-BB4E-4E31-83A9-313AA4A6B96E}.Release|Any CPU.Build.0 = Release|Any CPU
	EndGlobalSection
	GlobalSection(SolutionProperties) = preSolution
		HideSolutionNode = FALSE
	EndGlobalSection
	GlobalSection(ExtensibilityGlobals) = postSolution
		SolutionGuid = {177A1A78-600A-4EED-A882-273D1D2AB656}
	EndGlobalSection
EndGlobal
